# This file is automatically @generated by Cargo.
# It is not intended for manual editing.
[[package]]
name = "tetanus"
version = "0.1.0"

[[package]]
name = "tetanus-agent"
version = "0.1.0"
dependencies = [
 "tetanus",
]

[[package]]
name = "tetanus-server"
version = "0.1.0"
dependencies = [
 "tetanus",
]
